<Solution>
  <Folder Name="/src/">
    <Project Path="src/Helpers.Ai/Helpers.Ai.csproj" />
    <Project Path="src/Helpers.App/Helpers.App.csproj" />
    <Project Path="src/Helpers.Core/Helpers.Core.csproj" />
    <Project Path="src/Helpers.Speech/Helpers.Speech.csproj" />
    <Project Path="src/Helpers.Windows/Helpers.Windows.csproj" />
  </Folder>
  <Folder Name="/tests/">
    <Project Path="tests/Helpers.Tests/Helpers.Tests.csproj" />
    <Project Path="tests/Helpers.Windows.Tests/Helpers.Windows.Tests.csproj" />
  </Folder>
  <Folder Name="/tools/">
    <Project Path="tools/EngineSpike/EngineSpike.csproj" />
    <Project Path="tools/ReadingDump/ReadingDump.csproj" />
  </Folder>
</Solution>
